
Microsoft Visual Studio Solution File, Format Version 12.00
# Visual Studio 2012
Project("{FAE04EC0-301F-11D3-BF4B-00C04F79EFBC}") = "MyFirstSWAddinCS", "MyFirstSWAddinCS\MyFirstSWAddinCS.csproj", "{32A02631-F865-4179-B854-F3127D3D6084}"
EndProject
Project("{6141683F-8A12-4E36-9623-2EB02B2C2303}") = "NinjaReportSwaddin", "NinjaReportSwaddin\NinjaReportSwaddin.isproj", "{A1AF170C-AE94-4C27-BB45-FF4990FA1701}"
	ProjectSection(ProjectDependencies) = postProject
		{32A02631-F865-4179-B854-F3127D3D6084} = {32A02631-F865-4179-B854-F3127D3D6084}
	EndProjectSection
EndProject
Global
	GlobalSection(SolutionConfigurationPlatforms) = preSolution
		CD_ROM|Any CPU = CD_ROM|Any CPU
		Debug|Any CPU = Debug|Any CPU
		DVD-5|Any CPU = DVD-5|Any CPU
		Release|Any CPU = Release|Any CPU
		SingleImage|Any CPU = SingleImage|Any CPU
	EndGlobalSection
	GlobalSection(ProjectConfigurationPlatforms) = postSolution
		{32A02631-F865-4179-B854-F3127D3D6084}.CD_ROM|Any CPU.ActiveCfg = Release|Any CPU
		{32A02631-F865-4179-B854-F3127D3D6084}.CD_ROM|Any CPU.Build.0 = Release|Any CPU
		{32A02631-F865-4179-B854-F3127D3D6084}.Debug|Any CPU.ActiveCfg = Debug|Any CPU
		{32A02631-F865-4179-B854-F3127D3D6084}.Debug|Any CPU.Build.0 = Debug|Any CPU
		{32A02631-F865-4179-B854-F3127D3D6084}.DVD-5|Any CPU.ActiveCfg = Debug|Any CPU
		{32A02631-F865-4179-B854-F3127D3D6084}.DVD-5|Any CPU.Build.0 = Debug|Any CPU
		{32A02631-F865-4179-B854-F3127D3D6084}.Release|Any CPU.ActiveCfg = Release|Any CPU
		{32A02631-F865-4179-B854-F3127D3D6084}.Release|Any CPU.Build.0 = Release|Any CPU
		{32A02631-F865-4179-B854-F3127D3D6084}.SingleImage|Any CPU.ActiveCfg = Release|Any CPU
		{32A02631-F865-4179-B854-F3127D3D6084}.SingleImage|Any CPU.Build.0 = Release|Any CPU
		{A1AF170C-AE94-4C27-BB45-FF4990FA1701}.CD_ROM|Any CPU.ActiveCfg = CD_ROM
		{A1AF170C-AE94-4C27-BB45-FF4990FA1701}.CD_ROM|Any CPU.Build.0 = CD_ROM
		{A1AF170C-AE94-4C27-BB45-FF4990FA1701}.Debug|Any CPU.ActiveCfg = DVD-5
		{A1AF170C-AE94-4C27-BB45-FF4990FA1701}.Debug|Any CPU.Build.0 = DVD-5
		{A1AF170C-AE94-4C27-BB45-FF4990FA1701}.DVD-5|Any CPU.ActiveCfg = DVD-5
		{A1AF170C-AE94-4C27-BB45-FF4990FA1701}.DVD-5|Any CPU.Build.0 = DVD-5
		{A1AF170C-AE94-4C27-BB45-FF4990FA1701}.Release|Any CPU.ActiveCfg = SingleImage
		{A1AF170C-AE94-4C27-BB45-FF4990FA1701}.Release|Any CPU.Build.0 = SingleImage
		{A1AF170C-AE94-4C27-BB45-FF4990FA1701}.SingleImage|Any CPU.ActiveCfg = SingleImage
		{A1AF170C-AE94-4C27-BB45-FF4990FA1701}.SingleImage|Any CPU.Build.0 = SingleImage
	EndGlobalSection
	GlobalSection(SolutionProperties) = preSolution
		HideSolutionNode = FALSE
	EndGlobalSection
EndGlobal
